// !$*UTF8*$!
{
	archiveVersion = 1;
	classes = {
	};
	objectVersion = 56;
	objects = {

/* Begin PBXBuildFile section */
		1962B3062B6814BB007642F9 /* +TupleView.swift in Sources */ = {isa = PBXBuildFile; fileRef = 1962B3032B6814BA007642F9 /* +TupleView.swift */; };
		1962B3082B6814BB007642F9 /* NewCarousel.swift in Sources */ = {isa = PBXBuildFile; fileRef = 1962B3052B6814BB007642F9 /* NewCarousel.swift */; };
		1962B30A2B683378007642F9 /* IndexStyle.swift in Sources */ = {isa = PBXBuildFile; fileRef = 1962B3092B683378007642F9 /* IndexStyle.swift */; };
		1962B30D2B6A6278007642F9 /* PhaseViewer.swift in Sources */ = {isa = PBXBuildFile; fileRef = 1962B30C2B6A6278007642F9 /* PhaseViewer.swift */; };
		19A4ADD42B6183B200E3E9F5 /* PhaseSelectionView.swift in Sources */ = {isa = PBXBuildFile; fileRef = 19A4ADD32B6183B200E3E9F5 /* PhaseSelectionView.swift */; };
		19A4ADD62B61865A00E3E9F5 /* RectangleButtonStyle.swift in Sources */ = {isa = PBXBuildFile; fileRef = 19A4ADD52B61865A00E3E9F5 /* RectangleButtonStyle.swift */; };
		3B5F47C92B5B085600B09FBE /* SeedBagModel.swift in Sources */ = {isa = PBXBuildFile; fileRef = 3B5F47C82B5B085500B09FBE /* SeedBagModel.swift */; };
		3BB1AF9D2B59B15F00E61276 /* SeedsGameApp.swift in Sources */ = {isa = PBXBuildFile; fileRef = 3BB1AF9C2B59B15F00E61276 /* SeedsGameApp.swift */; };
		3BB1AF9F2B59B15F00E61276 /* ContentView.swift in Sources */ = {isa = PBXBuildFile; fileRef = 3BB1AF9E2B59B15F00E61276 /* ContentView.swift */; };
		3BB1AFA12B59B16000E61276 /* Assets.xcassets in Resources */ = {isa = PBXBuildFile; fileRef = 3BB1AFA02B59B16000E61276 /* Assets.xcassets */; };
		3BB1AFA42B59B16000E61276 /* Preview Assets.xcassets in Resources */ = {isa = PBXBuildFile; fileRef = 3BB1AFA32B59B16000E61276 /* Preview Assets.xcassets */; };
		DC8208CC2B61993400A0172C /* SquareButtonStyle.swift in Sources */ = {isa = PBXBuildFile; fileRef = DC8208CB2B61993400A0172C /* SquareButtonStyle.swift */; };
		DC8208CE2B61AB2800A0172C /* TopicView.swift in Sources */ = {isa = PBXBuildFile; fileRef = DC8208CD2B61AB2800A0172C /* TopicView.swift */; };
		DC8208D02B68148700A0172C /* CheckToggleStyle.swift in Sources */ = {isa = PBXBuildFile; fileRef = DC8208CF2B68148700A0172C /* CheckToggleStyle.swift */; };
		DC8208D22B682FCB00A0172C /* LifeScore.swift in Sources */ = {isa = PBXBuildFile; fileRef = DC8208D12B682FCB00A0172C /* LifeScore.swift */; };
		DC8208D62B6965FE00A0172C /* AlegreyaSans-Black.ttf in Resources */ = {isa = PBXBuildFile; fileRef = DC8208D52B6965FE00A0172C /* AlegreyaSans-Black.ttf */; };
		DC8208D82B69685A00A0172C /* AlegreyaSans-Medium.ttf in Resources */ = {isa = PBXBuildFile; fileRef = DC8208D72B69685A00A0172C /* AlegreyaSans-Medium.ttf */; };
		DC8208DA2B696B3C00A0172C /* troika.otf in Resources */ = {isa = PBXBuildFile; fileRef = DC8208D92B696B3C00A0172C /* troika.otf */; };
		DC8208DC2B69842700A0172C /* Configuration.swift in Sources */ = {isa = PBXBuildFile; fileRef = DC8208DB2B69842700A0172C /* Configuration.swift */; };
		DC8208E02B6AB4AC00A0172C /* ConfigurationView.swift in Sources */ = {isa = PBXBuildFile; fileRef = DC8208DF2B6AB4AC00A0172C /* ConfigurationView.swift */; };
		DCA7EF262B6ADDC100FCE555 /* MusicToggleStyle.swift in Sources */ = {isa = PBXBuildFile; fileRef = DCA7EF252B6ADDC100FCE555 /* MusicToggleStyle.swift */; };
		DCA7EF282B6AE79F00FCE555 /* ButtonEnum.swift in Sources */ = {isa = PBXBuildFile; fileRef = DCA7EF272B6AE79F00FCE555 /* ButtonEnum.swift */; };
		DCEB03092B6179D900025ABA /* MenuView.swift in Sources */ = {isa = PBXBuildFile; fileRef = DCEB03082B6179D900025ABA /* MenuView.swift */; };
		E92A6F1A2B60354B003A4C1E /* Stack.swift in Sources */ = {isa = PBXBuildFile; fileRef = E92A6F192B60354B003A4C1E /* Stack.swift */; };
		E9E2212C2B59B596001FE22A /* GameEngine.swift in Sources */ = {isa = PBXBuildFile; fileRef = E9E2212B2B59B596001FE22A /* GameEngine.swift */; };
		E9E2212E2B59B5C6001FE22A /* ActionModel.swift in Sources */ = {isa = PBXBuildFile; fileRef = E9E2212D2B59B5C6001FE22A /* ActionModel.swift */; };
		E9E221302B59B5DD001FE22A /* SoundActionModel.swift in Sources */ = {isa = PBXBuildFile; fileRef = E9E2212F2B59B5DD001FE22A /* SoundActionModel.swift */; };
		E9E221322B59B6B0001FE22A /* HapticActionModel.swift in Sources */ = {isa = PBXBuildFile; fileRef = E9E221312B59B6B0001FE22A /* HapticActionModel.swift */; };
		E9E221352B59B8D9001FE22A /* GameScene.swift in Sources */ = {isa = PBXBuildFile; fileRef = E9E221342B59B8D9001FE22A /* GameScene.swift */; };
		E9E221372B59B975001FE22A /* OperationActionModel.swift in Sources */ = {isa = PBXBuildFile; fileRef = E9E221362B59B975001FE22A /* OperationActionModel.swift */; };
		E9E2213E2B5AE5C4001FE22A /* PhaseScene.swift in Sources */ = {isa = PBXBuildFile; fileRef = E9E2213D2B5AE5C4001FE22A /* PhaseScene.swift */; };
		E9E221402B5AE7B9001FE22A /* ClientModel.swift in Sources */ = {isa = PBXBuildFile; fileRef = E9E2213F2B5AE7B9001FE22A /* ClientModel.swift */; };
/* End PBXBuildFile section */

/* Begin PBXFileReference section */
		1962B3032B6814BA007642F9 /* +TupleView.swift */ = {isa = PBXFileReference; fileEncoding = 4; lastKnownFileType = sourcecode.swift; path = "+TupleView.swift"; sourceTree = "<group>"; };
		1962B3052B6814BB007642F9 /* NewCarousel.swift */ = {isa = PBXFileReference; fileEncoding = 4; lastKnownFileType = sourcecode.swift; path = NewCarousel.swift; sourceTree = "<group>"; };
		1962B3092B683378007642F9 /* IndexStyle.swift */ = {isa = PBXFileReference; lastKnownFileType = sourcecode.swift; path = IndexStyle.swift; sourceTree = "<group>"; };
		1962B30C2B6A6278007642F9 /* PhaseViewer.swift */ = {isa = PBXFileReference; lastKnownFileType = sourcecode.swift; path = PhaseViewer.swift; sourceTree = "<group>"; };
		19A4ADD32B6183B200E3E9F5 /* PhaseSelectionView.swift */ = {isa = PBXFileReference; lastKnownFileType = sourcecode.swift; path = PhaseSelectionView.swift; sourceTree = "<group>"; };
		19A4ADD52B61865A00E3E9F5 /* RectangleButtonStyle.swift */ = {isa = PBXFileReference; lastKnownFileType = sourcecode.swift; path = RectangleButtonStyle.swift; sourceTree = "<group>"; };
		3B5F47C82B5B085500B09FBE /* SeedBagModel.swift */ = {isa = PBXFileReference; lastKnownFileType = sourcecode.swift; path = SeedBagModel.swift; sourceTree = "<group>"; };
		3BB1AF992B59B15F00E61276 /* SeedsGame.app */ = {isa = PBXFileReference; explicitFileType = wrapper.application; includeInIndex = 0; path = SeedsGame.app; sourceTree = BUILT_PRODUCTS_DIR; };
		3BB1AF9C2B59B15F00E61276 /* SeedsGameApp.swift */ = {isa = PBXFileReference; lastKnownFileType = sourcecode.swift; path = SeedsGameApp.swift; sourceTree = "<group>"; };
		3BB1AF9E2B59B15F00E61276 /* ContentView.swift */ = {isa = PBXFileReference; lastKnownFileType = sourcecode.swift; path = ContentView.swift; sourceTree = "<group>"; };
		3BB1AFA02B59B16000E61276 /* Assets.xcassets */ = {isa = PBXFileReference; lastKnownFileType = folder.assetcatalog; path = Assets.xcassets; sourceTree = "<group>"; };
		3BB1AFA32B59B16000E61276 /* Preview Assets.xcassets */ = {isa = PBXFileReference; lastKnownFileType = folder.assetcatalog; path = "Preview Assets.xcassets"; sourceTree = "<group>"; };
		DC8208CB2B61993400A0172C /* SquareButtonStyle.swift */ = {isa = PBXFileReference; lastKnownFileType = sourcecode.swift; path = SquareButtonStyle.swift; sourceTree = "<group>"; };
		DC8208CD2B61AB2800A0172C /* TopicView.swift */ = {isa = PBXFileReference; lastKnownFileType = sourcecode.swift; path = TopicView.swift; sourceTree = "<group>"; };
		DC8208CF2B68148700A0172C /* CheckToggleStyle.swift */ = {isa = PBXFileReference; lastKnownFileType = sourcecode.swift; path = CheckToggleStyle.swift; sourceTree = "<group>"; };
		DC8208D12B682FCB00A0172C /* LifeScore.swift */ = {isa = PBXFileReference; lastKnownFileType = sourcecode.swift; path = LifeScore.swift; sourceTree = "<group>"; };
		DC8208D32B69654500A0172C /* Info.plist */ = {isa = PBXFileReference; lastKnownFileType = text.plist; path = Info.plist; sourceTree = "<group>"; };
		DC8208D52B6965FE00A0172C /* AlegreyaSans-Black.ttf */ = {isa = PBXFileReference; lastKnownFileType = file; path = "AlegreyaSans-Black.ttf"; sourceTree = "<group>"; };
		DC8208D72B69685A00A0172C /* AlegreyaSans-Medium.ttf */ = {isa = PBXFileReference; lastKnownFileType = file; path = "AlegreyaSans-Medium.ttf"; sourceTree = "<group>"; };
		DC8208D92B696B3C00A0172C /* troika.otf */ = {isa = PBXFileReference; lastKnownFileType = file; path = troika.otf; sourceTree = "<group>"; };
		DC8208DB2B69842700A0172C /* Configuration.swift */ = {isa = PBXFileReference; lastKnownFileType = sourcecode.swift; path = Configuration.swift; sourceTree = "<group>"; };
		DC8208DF2B6AB4AC00A0172C /* ConfigurationView.swift */ = {isa = PBXFileReference; lastKnownFileType = sourcecode.swift; path = ConfigurationView.swift; sourceTree = "<group>"; };
		DCA7EF252B6ADDC100FCE555 /* MusicToggleStyle.swift */ = {isa = PBXFileReference; lastKnownFileType = sourcecode.swift; path = MusicToggleStyle.swift; sourceTree = "<group>"; };
		DCA7EF272B6AE79F00FCE555 /* ButtonEnum.swift */ = {isa = PBXFileReference; lastKnownFileType = sourcecode.swift; path = ButtonEnum.swift; sourceTree = "<group>"; };
		DCEB03082B6179D900025ABA /* MenuView.swift */ = {isa = PBXFileReference; lastKnownFileType = sourcecode.swift; path = MenuView.swift; sourceTree = "<group>"; };
		E92A6F192B60354B003A4C1E /* Stack.swift */ = {isa = PBXFileReference; lastKnownFileType = sourcecode.swift; path = Stack.swift; sourceTree = "<group>"; };
		E9E2212B2B59B596001FE22A /* GameEngine.swift */ = {isa = PBXFileReference; lastKnownFileType = sourcecode.swift; path = GameEngine.swift; sourceTree = "<group>"; };
		E9E2212D2B59B5C6001FE22A /* ActionModel.swift */ = {isa = PBXFileReference; lastKnownFileType = sourcecode.swift; path = ActionModel.swift; sourceTree = "<group>"; };
		E9E2212F2B59B5DD001FE22A /* SoundActionModel.swift */ = {isa = PBXFileReference; lastKnownFileType = sourcecode.swift; path = SoundActionModel.swift; sourceTree = "<group>"; };
		E9E221312B59B6B0001FE22A /* HapticActionModel.swift */ = {isa = PBXFileReference; lastKnownFileType = sourcecode.swift; path = HapticActionModel.swift; sourceTree = "<group>"; };
		E9E221342B59B8D9001FE22A /* GameScene.swift */ = {isa = PBXFileReference; lastKnownFileType = sourcecode.swift; path = GameScene.swift; sourceTree = "<group>"; };
		E9E221362B59B975001FE22A /* OperationActionModel.swift */ = {isa = PBXFileReference; lastKnownFileType = sourcecode.swift; path = OperationActionModel.swift; sourceTree = "<group>"; };
		E9E2213D2B5AE5C4001FE22A /* PhaseScene.swift */ = {isa = PBXFileReference; lastKnownFileType = sourcecode.swift; path = PhaseScene.swift; sourceTree = "<group>"; };
		E9E2213F2B5AE7B9001FE22A /* ClientModel.swift */ = {isa = PBXFileReference; lastKnownFileType = sourcecode.swift; path = ClientModel.swift; sourceTree = "<group>"; };
/* End PBXFileReference section */

/* Begin PBXFrameworksBuildPhase section */
		3BB1AF962B59B15F00E61276 /* Frameworks */ = {
			isa = PBXFrameworksBuildPhase;
			buildActionMask = 2147483647;
			files = (
			);
			runOnlyForDeploymentPostprocessing = 0;
		};
/* End PBXFrameworksBuildPhase section */

/* Begin PBXGroup section */
		3BB1AF902B59B15F00E61276 = {
			isa = PBXGroup;
			children = (
				3BB1AF9B2B59B15F00E61276 /* SeedsGame */,
				3BB1AF9A2B59B15F00E61276 /* Products */,
			);
			sourceTree = "<group>";
		};
		3BB1AF9A2B59B15F00E61276 /* Products */ = {
			isa = PBXGroup;
			children = (
				3BB1AF992B59B15F00E61276 /* SeedsGame.app */,
			);
			name = Products;
			sourceTree = "<group>";
		};
		3BB1AF9B2B59B15F00E61276 /* SeedsGame */ = {
			isa = PBXGroup;
			children = (
				DC8208D42B6965D200A0172C /* Fonts */,
				DC8208D32B69654500A0172C /* Info.plist */,
				3BB1AF9C2B59B15F00E61276 /* SeedsGameApp.swift */,
				3BB1AF9E2B59B15F00E61276 /* ContentView.swift */,
				DCEB03072B6179AA00025ABA /* Views */,
				E9E2213C2B59BE24001FE22A /* Engines */,
				E9E2213B2B59BDFF001FE22A /* Components */,
				E9E221382B59BDAE001FE22A /* Scenes */,
				E9E221332B59B879001FE22A /* Models */,
				3BB1AFA02B59B16000E61276 /* Assets.xcassets */,
				3BB1AFA22B59B16000E61276 /* Preview Content */,
			);
			path = SeedsGame;
			sourceTree = "<group>";
		};
		3BB1AFA22B59B16000E61276 /* Preview Content */ = {
			isa = PBXGroup;
			children = (
				3BB1AFA32B59B16000E61276 /* Preview Assets.xcassets */,
			);
			path = "Preview Content";
			sourceTree = "<group>";
		};
		DC8208D42B6965D200A0172C /* Fonts */ = {
			isa = PBXGroup;
			children = (
				DC8208D52B6965FE00A0172C /* AlegreyaSans-Black.ttf */,
				DC8208D72B69685A00A0172C /* AlegreyaSans-Medium.ttf */,
				DC8208D92B696B3C00A0172C /* troika.otf */,
			);
			path = Fonts;
			sourceTree = "<group>";
		};
		DCEB03072B6179AA00025ABA /* Views */ = {
			isa = PBXGroup;
			children = (
				DCEB03082B6179D900025ABA /* MenuView.swift */,
				19A4ADD32B6183B200E3E9F5 /* PhaseSelectionView.swift */,
				DC8208CD2B61AB2800A0172C /* TopicView.swift */,
				DC8208DF2B6AB4AC00A0172C /* ConfigurationView.swift */,
			);
			path = Views;
			sourceTree = "<group>";
		};
		E9E221332B59B879001FE22A /* Models */ = {
			isa = PBXGroup;
			children = (
				E9E2212D2B59B5C6001FE22A /* ActionModel.swift */,
				E9E2213F2B5AE7B9001FE22A /* ClientModel.swift */,
				E9E2212F2B59B5DD001FE22A /* SoundActionModel.swift */,
				E9E221312B59B6B0001FE22A /* HapticActionModel.swift */,
				E9E221362B59B975001FE22A /* OperationActionModel.swift */,
				E92A6F192B60354B003A4C1E /* Stack.swift */,
				3B5F47C82B5B085500B09FBE /* SeedBagModel.swift */,
			);
			path = Models;
			sourceTree = "<group>";
		};
		E9E221382B59BDAE001FE22A /* Scenes */ = {
			isa = PBXGroup;
			children = (
				E9E221342B59B8D9001FE22A /* GameScene.swift */,
				E9E2213D2B5AE5C4001FE22A /* PhaseScene.swift */,
			);
			path = Scenes;
			sourceTree = "<group>";
		};
		E9E2213B2B59BDFF001FE22A /* Components */ = {
			isa = PBXGroup;
			children = (
				19A4ADD52B61865A00E3E9F5 /* RectangleButtonStyle.swift */,
				DC8208CB2B61993400A0172C /* SquareButtonStyle.swift */,
				DC8208CF2B68148700A0172C /* CheckToggleStyle.swift */,
				DC8208D12B682FCB00A0172C /* LifeScore.swift */,
				DC8208DB2B69842700A0172C /* Configuration.swift */,
				DCA7EF252B6ADDC100FCE555 /* MusicToggleStyle.swift */,
				DCA7EF272B6AE79F00FCE555 /* ButtonEnum.swift */,
			);
			path = Components;
			sourceTree = "<group>";
		};
		E9E2213C2B59BE24001FE22A /* Engines */ = {
			isa = PBXGroup;
			children = (
				E9E2212B2B59B596001FE22A /* GameEngine.swift */,
			);
			path = Engines;
			sourceTree = "<group>";
		};
/* End PBXGroup section */

/* Begin PBXNativeTarget section */
		3BB1AF982B59B15F00E61276 /* SeedsGame */ = {
			isa = PBXNativeTarget;
			buildConfigurationList = 3BB1AFA72B59B16000E61276 /* Build configuration list for PBXNativeTarget "SeedsGame" */;
			buildPhases = (
				3BB1AF952B59B15F00E61276 /* Sources */,
				3BB1AF962B59B15F00E61276 /* Frameworks */,
				3BB1AF972B59B15F00E61276 /* Resources */,
			);
			buildRules = (
			);
			dependencies = (
			);
			name = SeedsGame;
			productName = SeedsGame;
			productReference = 3BB1AF992B59B15F00E61276 /* SeedsGame.app */;
			productType = "com.apple.product-type.application";
		};
/* End PBXNativeTarget section */

/* Begin PBXProject section */
		3BB1AF912B59B15F00E61276 /* Project object */ = {
			isa = PBXProject;
			attributes = {
				BuildIndependentTargetsInParallel = 1;
				LastSwiftUpdateCheck = 1520;
				LastUpgradeCheck = 1520;
				TargetAttributes = {
					3BB1AF982B59B15F00E61276 = {
						CreatedOnToolsVersion = 15.2;
					};
				};
			};
			buildConfigurationList = 3BB1AF942B59B15F00E61276 /* Build configuration list for PBXProject "SeedsGame" */;
			compatibilityVersion = "Xcode 14.0";
			developmentRegion = en;
			hasScannedForEncodings = 0;
			knownRegions = (
				en,
				Base,
			);
			mainGroup = 3BB1AF902B59B15F00E61276;
			productRefGroup = 3BB1AF9A2B59B15F00E61276 /* Products */;
			projectDirPath = "";
			projectRoot = "";
			targets = (
				3BB1AF982B59B15F00E61276 /* SeedsGame */,
			);
		};
/* End PBXProject section */

/* Begin PBXResourcesBuildPhase section */
		3BB1AF972B59B15F00E61276 /* Resources */ = {
			isa = PBXResourcesBuildPhase;
			buildActionMask = 2147483647;
			files = (
				DC8208D82B69685A00A0172C /* AlegreyaSans-Medium.ttf in Resources */,
				DC8208DA2B696B3C00A0172C /* troika.otf in Resources */,
				3BB1AFA42B59B16000E61276 /* Preview Assets.xcassets in Resources */,
				3BB1AFA12B59B16000E61276 /* Assets.xcassets in Resources */,
				DC8208D62B6965FE00A0172C /* AlegreyaSans-Black.ttf in Resources */,
			);
			runOnlyForDeploymentPostprocessing = 0;
		};
/* End PBXResourcesBuildPhase section */

/* Begin PBXSourcesBuildPhase section */
		3BB1AF952B59B15F00E61276 /* Sources */ = {
			isa = PBXSourcesBuildPhase;
			buildActionMask = 2147483647;
			files = (
				E9E221402B5AE7B9001FE22A /* ClientModel.swift in Sources */,
				DC8208DC2B69842700A0172C /* Configuration.swift in Sources */,
				E92A6F1A2B60354B003A4C1E /* Stack.swift in Sources */,
				1962B3082B6814BB007642F9 /* NewCarousel.swift in Sources */,
				DC8208CE2B61AB2800A0172C /* TopicView.swift in Sources */,
				DCA7EF282B6AE79F00FCE555 /* ButtonEnum.swift in Sources */,
				E9E2213E2B5AE5C4001FE22A /* PhaseScene.swift in Sources */,
				E9E221322B59B6B0001FE22A /* HapticActionModel.swift in Sources */,
				1962B30A2B683378007642F9 /* IndexStyle.swift in Sources */,
				1962B30D2B6A6278007642F9 /* PhaseViewer.swift in Sources */,
				DC8208E02B6AB4AC00A0172C /* ConfigurationView.swift in Sources */,
				DCA7EF262B6ADDC100FCE555 /* MusicToggleStyle.swift in Sources */,
				E9E221302B59B5DD001FE22A /* SoundActionModel.swift in Sources */,
				3BB1AF9F2B59B15F00E61276 /* ContentView.swift in Sources */,
				DCEB03092B6179D900025ABA /* MenuView.swift in Sources */,
				19A4ADD62B61865A00E3E9F5 /* RectangleButtonStyle.swift in Sources */,
				E9E2212C2B59B596001FE22A /* GameEngine.swift in Sources */,
				3B5F47C92B5B085600B09FBE /* SeedBagModel.swift in Sources */,
				3BB1AF9D2B59B15F00E61276 /* SeedsGameApp.swift in Sources */,
				DC8208CC2B61993400A0172C /* SquareButtonStyle.swift in Sources */,
				DC8208D22B682FCB00A0172C /* LifeScore.swift in Sources */,
				E9E221372B59B975001FE22A /* OperationActionModel.swift in Sources */,
				1962B3062B6814BB007642F9 /* +TupleView.swift in Sources */,
				E9E221352B59B8D9001FE22A /* GameScene.swift in Sources */,
				E9E2212E2B59B5C6001FE22A /* ActionModel.swift in Sources */,
				DC8208D02B68148700A0172C /* CheckToggleStyle.swift in Sources */,
				19A4ADD42B6183B200E3E9F5 /* PhaseSelectionView.swift in Sources */,
			);
			runOnlyForDeploymentPostprocessing = 0;
		};
/* End PBXSourcesBuildPhase section */

/* Begin XCBuildConfiguration section */
		3BB1AFA52B59B16000E61276 /* Debug */ = {
			isa = XCBuildConfiguration;
			buildSettings = {
				ALWAYS_SEARCH_USER_PATHS = NO;
				ASSETCATALOG_COMPILER_GENERATE_SWIFT_ASSET_SYMBOL_EXTENSIONS = YES;
				CLANG_ANALYZER_NONNULL = YES;
				CLANG_ANALYZER_NUMBER_OBJECT_CONVERSION = YES_AGGRESSIVE;
				CLANG_CXX_LANGUAGE_STANDARD = "gnu++20";
				CLANG_ENABLE_MODULES = YES;
				CLANG_ENABLE_OBJC_ARC = YES;
				CLANG_ENABLE_OBJC_WEAK = YES;
				CLANG_WARN_BLOCK_CAPTURE_AUTORELEASING = YES;
				CLANG_WARN_BOOL_CONVERSION = YES;
				CLANG_WARN_COMMA = YES;
				CLANG_WARN_CONSTANT_CONVERSION = YES;
				CLANG_WARN_DEPRECATED_OBJC_IMPLEMENTATIONS = YES;
				CLANG_WARN_DIRECT_OBJC_ISA_USAGE = YES_ERROR;
				CLANG_WARN_DOCUMENTATION_COMMENTS = YES;
				CLANG_WARN_EMPTY_BODY = YES;
				CLANG_WARN_ENUM_CONVERSION = YES;
				CLANG_WARN_INFINITE_RECURSION = YES;
				CLANG_WARN_INT_CONVERSION = YES;
				CLANG_WARN_NON_LITERAL_NULL_CONVERSION = YES;
				CLANG_WARN_OBJC_IMPLICIT_RETAIN_SELF = YES;
				CLANG_WARN_OBJC_LITERAL_CONVERSION = YES;
				CLANG_WARN_OBJC_ROOT_CLASS = YES_ERROR;
				CLANG_WARN_QUOTED_INCLUDE_IN_FRAMEWORK_HEADER = YES;
				CLANG_WARN_RANGE_LOOP_ANALYSIS = YES;
				CLANG_WARN_STRICT_PROTOTYPES = YES;
				CLANG_WARN_SUSPICIOUS_MOVE = YES;
				CLANG_WARN_UNGUARDED_AVAILABILITY = YES_AGGRESSIVE;
				CLANG_WARN_UNREACHABLE_CODE = YES;
				CLANG_WARN__DUPLICATE_METHOD_MATCH = YES;
				COPY_PHASE_STRIP = NO;
				DEBUG_INFORMATION_FORMAT = dwarf;
				ENABLE_STRICT_OBJC_MSGSEND = YES;
				ENABLE_TESTABILITY = YES;
				ENABLE_USER_SCRIPT_SANDBOXING = YES;
				GCC_C_LANGUAGE_STANDARD = gnu17;
				GCC_DYNAMIC_NO_PIC = NO;
				GCC_NO_COMMON_BLOCKS = YES;
				GCC_OPTIMIZATION_LEVEL = 0;
				GCC_PREPROCESSOR_DEFINITIONS = (
					"DEBUG=1",
					"$(inherited)",
				);
				GCC_WARN_64_TO_32_BIT_CONVERSION = YES;
				GCC_WARN_ABOUT_RETURN_TYPE = YES_ERROR;
				GCC_WARN_UNDECLARED_SELECTOR = YES;
				GCC_WARN_UNINITIALIZED_AUTOS = YES_AGGRESSIVE;
				GCC_WARN_UNUSED_FUNCTION = YES;
				GCC_WARN_UNUSED_VARIABLE = YES;
				IPHONEOS_DEPLOYMENT_TARGET = 17.2;
				LOCALIZATION_PREFERS_STRING_CATALOGS = YES;
				MTL_ENABLE_DEBUG_INFO = INCLUDE_SOURCE;
				MTL_FAST_MATH = YES;
				ONLY_ACTIVE_ARCH = YES;
				SDKROOT = iphoneos;
				SWIFT_ACTIVE_COMPILATION_CONDITIONS = "DEBUG $(inherited)";
				SWIFT_OPTIMIZATION_LEVEL = "-Onone";
			};
			name = Debug;
		};
		3BB1AFA62B59B16000E61276 /* Release */ = {
			isa = XCBuildConfiguration;
			buildSettings = {
				ALWAYS_SEARCH_USER_PATHS = NO;
				ASSETCATALOG_COMPILER_GENERATE_SWIFT_ASSET_SYMBOL_EXTENSIONS = YES;
				CLANG_ANALYZER_NONNULL = YES;
				CLANG_ANALYZER_NUMBER_OBJECT_CONVERSION = YES_AGGRESSIVE;
				CLANG_CXX_LANGUAGE_STANDARD = "gnu++20";
				CLANG_ENABLE_MODULES = YES;
				CLANG_ENABLE_OBJC_ARC = YES;
				CLANG_ENABLE_OBJC_WEAK = YES;
				CLANG_WARN_BLOCK_CAPTURE_AUTORELEASING = YES;
				CLANG_WARN_BOOL_CONVERSION = YES;
				CLANG_WARN_COMMA = YES;
				CLANG_WARN_CONSTANT_CONVERSION = YES;
				CLANG_WARN_DEPRECATED_OBJC_IMPLEMENTATIONS = YES;
				CLANG_WARN_DIRECT_OBJC_ISA_USAGE = YES_ERROR;
				CLANG_WARN_DOCUMENTATION_COMMENTS = YES;
				CLANG_WARN_EMPTY_BODY = YES;
				CLANG_WARN_ENUM_CONVERSION = YES;
				CLANG_WARN_INFINITE_RECURSION = YES;
				CLANG_WARN_INT_CONVERSION = YES;
				CLANG_WARN_NON_LITERAL_NULL_CONVERSION = YES;
				CLANG_WARN_OBJC_IMPLICIT_RETAIN_SELF = YES;
				CLANG_WARN_OBJC_LITERAL_CONVERSION = YES;
				CLANG_WARN_OBJC_ROOT_CLASS = YES_ERROR;
				CLANG_WARN_QUOTED_INCLUDE_IN_FRAMEWORK_HEADER = YES;
				CLANG_WARN_RANGE_LOOP_ANALYSIS = YES;
				CLANG_WARN_STRICT_PROTOTYPES = YES;
				CLANG_WARN_SUSPICIOUS_MOVE = YES;
				CLANG_WARN_UNGUARDED_AVAILABILITY = YES_AGGRESSIVE;
				CLANG_WARN_UNREACHABLE_CODE = YES;
				CLANG_WARN__DUPLICATE_METHOD_MATCH = YES;
				COPY_PHASE_STRIP = NO;
				DEBUG_INFORMATION_FORMAT = "dwarf-with-dsym";
				ENABLE_NS_ASSERTIONS = NO;
				ENABLE_STRICT_OBJC_MSGSEND = YES;
				ENABLE_USER_SCRIPT_SANDBOXING = YES;
				GCC_C_LANGUAGE_STANDARD = gnu17;
				GCC_NO_COMMON_BLOCKS = YES;
				GCC_WARN_64_TO_32_BIT_CONVERSION = YES;
				GCC_WARN_ABOUT_RETURN_TYPE = YES_ERROR;
				GCC_WARN_UNDECLARED_SELECTOR = YES;
				GCC_WARN_UNINITIALIZED_AUTOS = YES_AGGRESSIVE;
				GCC_WARN_UNUSED_FUNCTION = YES;
				GCC_WARN_UNUSED_VARIABLE = YES;
				IPHONEOS_DEPLOYMENT_TARGET = 17.2;
				LOCALIZATION_PREFERS_STRING_CATALOGS = YES;
				MTL_ENABLE_DEBUG_INFO = NO;
				MTL_FAST_MATH = YES;
				SDKROOT = iphoneos;
				SWIFT_COMPILATION_MODE = wholemodule;
				VALIDATE_PRODUCT = YES;
			};
			name = Release;
		};
		3BB1AFA82B59B16000E61276 /* Debug */ = {
			isa = XCBuildConfiguration;
			buildSettings = {
				ASSETCATALOG_COMPILER_APPICON_NAME = AppIcon;
				ASSETCATALOG_COMPILER_GLOBAL_ACCENT_COLOR_NAME = AccentColor;
				CODE_SIGN_STYLE = Automatic;
				CURRENT_PROJECT_VERSION = 1;
				DEVELOPMENT_ASSET_PATHS = "\"SeedsGame/Preview Content\"";
				DEVELOPMENT_TEAM = 8LW8TUQS66;
				ENABLE_PREVIEWS = YES;
				GENERATE_INFOPLIST_FILE = YES;
				INFOPLIST_FILE = SeedsGame/Info.plist;
				INFOPLIST_KEY_UIApplicationSceneManifest_Generation = YES;
				INFOPLIST_KEY_UIApplicationSupportsIndirectInputEvents = YES;
				INFOPLIST_KEY_UILaunchScreen_Generation = YES;
				INFOPLIST_KEY_UISupportedInterfaceOrientations = "UIInterfaceOrientationLandscapeLeft UIInterfaceOrientationLandscapeRight";
				INFOPLIST_KEY_UISupportedInterfaceOrientations_iPad = "UIInterfaceOrientationLandscapeLeft UIInterfaceOrientationLandscapeRight UIInterfaceOrientationPortrait UIInterfaceOrientationPortraitUpsideDown";
				LD_RUNPATH_SEARCH_PATHS = (
					"$(inherited)",
					"@executable_path/Frameworks",
				);
				MARKETING_VERSION = 1.0;
				PRODUCT_BUNDLE_IDENTIFIER = com.balbachanlaura.SeedsGame;
				PRODUCT_NAME = "$(TARGET_NAME)";
				SUPPORTED_PLATFORMS = "iphoneos iphonesimulator";
				SUPPORTS_MACCATALYST = NO;
				SUPPORTS_MAC_DESIGNED_FOR_IPHONE_IPAD = NO;
				SUPPORTS_XR_DESIGNED_FOR_IPHONE_IPAD = NO;
				SWIFT_EMIT_LOC_STRINGS = YES;
				SWIFT_VERSION = 5.0;
				TARGETED_DEVICE_FAMILY = 1;
			};
			name = Debug;
		};
		3BB1AFA92B59B16000E61276 /* Release */ = {
			isa = XCBuildConfiguration;
			buildSettings = {
				ASSETCATALOG_COMPILER_APPICON_NAME = AppIcon;
				ASSETCATALOG_COMPILER_GLOBAL_ACCENT_COLOR_NAME = AccentColor;
				CODE_SIGN_STYLE = Automatic;
				CURRENT_PROJECT_VERSION = 1;
				DEVELOPMENT_ASSET_PATHS = "\"SeedsGame/Preview Content\"";
				DEVELOPMENT_TEAM = 8LW8TUQS66;
				ENABLE_PREVIEWS = YES;
				GENERATE_INFOPLIST_FILE = YES;
				INFOPLIST_FILE = SeedsGame/Info.plist;
				INFOPLIST_KEY_UIApplicationSceneManifest_Generation = YES;
				INFOPLIST_KEY_UIApplicationSupportsIndirectInputEvents = YES;
				INFOPLIST_KEY_UILaunchScreen_Generation = YES;
				INFOPLIST_KEY_UISupportedInterfaceOrientations = "UIInterfaceOrientationLandscapeLeft UIInterfaceOrientationLandscapeRight";
				INFOPLIST_KEY_UISupportedInterfaceOrientations_iPad = "UIInterfaceOrientationLandscapeLeft UIInterfaceOrientationLandscapeRight UIInterfaceOrientationPortrait UIInterfaceOrientationPortraitUpsideDown";
				LD_RUNPATH_SEARCH_PATHS = (
					"$(inherited)",
					"@executable_path/Frameworks",
				);
				MARKETING_VERSION = 1.0;
				PRODUCT_BUNDLE_IDENTIFIER = com.balbachanlaura.SeedsGame;
				PRODUCT_NAME = "$(TARGET_NAME)";
				SUPPORTED_PLATFORMS = "iphoneos iphonesimulator";
				SUPPORTS_MACCATALYST = NO;
				SUPPORTS_MAC_DESIGNED_FOR_IPHONE_IPAD = NO;
				SUPPORTS_XR_DESIGNED_FOR_IPHONE_IPAD = NO;
				SWIFT_EMIT_LOC_STRINGS = YES;
				SWIFT_VERSION = 5.0;
				TARGETED_DEVICE_FAMILY = 1;
			};
			name = Release;
		};
/* End XCBuildConfiguration section */

/* Begin XCConfigurationList section */
		3BB1AF942B59B15F00E61276 /* Build configuration list for PBXProject "SeedsGame" */ = {
			isa = XCConfigurationList;
			buildConfigurations = (
				3BB1AFA52B59B16000E61276 /* Debug */,
				3BB1AFA62B59B16000E61276 /* Release */,
			);
			defaultConfigurationIsVisible = 0;
			defaultConfigurationName = Release;
		};
		3BB1AFA72B59B16000E61276 /* Build configuration list for PBXNativeTarget "SeedsGame" */ = {
			isa = XCConfigurationList;
			buildConfigurations = (
				3BB1AFA82B59B16000E61276 /* Debug */,
				3BB1AFA92B59B16000E61276 /* Release */,
			);
			defaultConfigurationIsVisible = 0;
			defaultConfigurationName = Release;
		};
/* End XCConfigurationList section */
	};
	rootObject = 3BB1AF912B59B15F00E61276 /* Project object */;
}
